
Microsoft Visual Studio Solution File, Format Version 12.00
Project("{FAE04EC0-301F-11D3-BF4B-00C04F79EFBC}") = "DatabasePrincess", "DatabasePrincess\DatabasePrincess.csproj", "{A3234E8E-EA01-494B-8D90-4A2FC8FF539E}"
EndProject
Project("{FAE04EC0-301F-11D3-BF4B-00C04F79EFBC}") = "DatabasePrincessTest", "DatabasePrincessTest\DatabasePrincessTest.csproj", "{2D78A52A-3E99-4272-8AE3-046F086D4A9A}"
EndProject
Global
	GlobalSection(SolutionConfigurationPlatforms) = preSolution
		Debug|Any CPU = Debug|Any CPU
		Release|Any CPU = Release|Any CPU
	EndGlobalSection
	GlobalSection(ProjectConfigurationPlatforms) = postSolution
		{A3234E8E-EA01-494B-8D90-4A2FC8FF539E}.Debug|Any CPU.ActiveCfg = Debug|Any CPU
		{A3234E8E-EA01-494B-8D90-4A2FC8FF539E}.Debug|Any CPU.Build.0 = Debug|Any CPU
		{A3234E8E-EA01-494B-8D90-4A2FC8FF539E}.Release|Any CPU.ActiveCfg = Release|Any CPU
		{A3234E8E-EA01-494B-8D90-4A2FC8FF539E}.Release|Any CPU.Build.0 = Release|Any CPU
		{2D78A52A-3E99-4272-8AE3-046F086D4A9A}.Debug|Any CPU.ActiveCfg = Debug|Any CPU
		{2D78A52A-3E99-4272-8AE3-046F086D4A9A}.Debug|Any CPU.Build.0 = Debug|Any CPU
		{2D78A52A-3E99-4272-8AE3-046F086D4A9A}.Release|Any CPU.ActiveCfg = Release|Any CPU
		{2D78A52A-3E99-4272-8AE3-046F086D4A9A}.Release|Any CPU.Build.0 = Release|Any CPU
	EndGlobalSection
EndGlobal
